
Microsoft Visual Studio Solution File, Format Version 12.00
# Visual Studio Version 17
VisualStudioVersion = 17.0.31903.59
MinimumVisualStudioVersion = 10.0.40219.1
Project("{2150E333-8FDC-42A3-9474-1A3956D46DE8}") = "src", "src", "{D2230CF6-03C9-49BB-AA75-18620C07900E}"
EndProject
Project("{FAE04EC0-301F-11D3-BF4B-00C04F79EFBC}") = "TodoList.Api", "src\TodoList.Api\TodoList.Api.csproj", "{1947D7A8-A1D3-47FC-AE55-896E11AD8048}"
EndProject
Project("{FAE04EC0-301F-11D3-BF4B-00C04F79EFBC}") = "TodoList.Application", "src\TodoList.Application\TodoList.Application.csproj", "{0C93D175-0909-4888-AB29-910127B581A7}"
EndProject
Project("{FAE04EC0-301F-11D3-BF4B-00C04F79EFBC}") = "TodoList.Domain", "src\TodoList.Domain\TodoList.Domain.csproj", "{47D89500-FC53-49A0-90AE-5E31C094CC25}"
EndProject
Project("{FAE04EC0-301F-11D3-BF4B-00C04F79EFBC}") = "TodoList.Infrastructure", "src\TodoList.Infrastructure\TodoList.Infrastructure.csproj", "{FB2D80C0-D3D4-42FC-8875-A34DBC6C77BC}"
EndProject
Global
	GlobalSection(SolutionConfigurationPlatforms) = preSolution
		Debug|Any CPU = Debug|Any CPU
		Release|Any CPU = Release|Any CPU
	EndGlobalSection
	GlobalSection(SolutionProperties) = preSolution
		HideSolutionNode = FALSE
	EndGlobalSection
	GlobalSection(ProjectConfigurationPlatforms) = postSolution
		{1947D7A8-A1D3-47FC-AE55-896E11AD8048}.Debug|Any CPU.ActiveCfg = Debug|Any CPU
		{1947D7A8-A1D3-47FC-AE55-896E11AD8048}.Debug|Any CPU.Build.0 = Debug|Any CPU
		{1947D7A8-A1D3-47FC-AE55-896E11AD8048}.Release|Any CPU.ActiveCfg = Release|Any CPU
		{1947D7A8-A1D3-47FC-AE55-896E11AD8048}.Release|Any CPU.Build.0 = Release|Any CPU
		{0C93D175-0909-4888-AB29-910127B581A7}.Debug|Any CPU.ActiveCfg = Debug|Any CPU
		{0C93D175-0909-4888-AB29-910127B581A7}.Debug|Any CPU.Build.0 = Debug|Any CPU
		{0C93D175-0909-4888-AB29-910127B581A7}.Release|Any CPU.ActiveCfg = Release|Any CPU
		{0C93D175-0909-4888-AB29-910127B581A7}.Release|Any CPU.Build.0 = Release|Any CPU
		{47D89500-FC53-49A0-90AE-5E31C094CC25}.Debug|Any CPU.ActiveCfg = Debug|Any CPU
		{47D89500-FC53-49A0-90AE-5E31C094CC25}.Debug|Any CPU.Build.0 = Debug|Any CPU
		{47D89500-FC53-49A0-90AE-5E31C094CC25}.Release|Any CPU.ActiveCfg = Release|Any CPU
		{47D89500-FC53-49A0-90AE-5E31C094CC25}.Release|Any CPU.Build.0 = Release|Any CPU
		{FB2D80C0-D3D4-42FC-8875-A34DBC6C77BC}.Debug|Any CPU.ActiveCfg = Debug|Any CPU
		{FB2D80C0-D3D4-42FC-8875-A34DBC6C77BC}.Debug|Any CPU.Build.0 = Debug|Any CPU
		{FB2D80C0-D3D4-42FC-8875-A34DBC6C77BC}.Release|Any CPU.ActiveCfg = Release|Any CPU
		{FB2D80C0-D3D4-42FC-8875-A34DBC6C77BC}.Release|Any CPU.Build.0 = Release|Any CPU
	EndGlobalSection
	GlobalSection(NestedProjects) = preSolution
		{1947D7A8-A1D3-47FC-AE55-896E11AD8048} = {D2230CF6-03C9-49BB-AA75-18620C07900E}
		{0C93D175-0909-4888-AB29-910127B581A7} = {D2230CF6-03C9-49BB-AA75-18620C07900E}
		{47D89500-FC53-49A0-90AE-5E31C094CC25} = {D2230CF6-03C9-49BB-AA75-18620C07900E}
		{FB2D80C0-D3D4-42FC-8875-A34DBC6C77BC} = {D2230CF6-03C9-49BB-AA75-18620C07900E}
	EndGlobalSection
EndGlobal
